dependencies:
- name: mongodb
  repository: https://charts.bitnami.com/bitnami
  version: 10.10.2
- name: elasticsearch
  repository: https://charts.bitnami.com/bitnami
  version: 14.5.0
- name: clamav
  repository: https://wiremind.github.com/wiremind-helm-charts
  version: 1.1.0
- name: collabora-code
  repository: https://chrisingenhaag.github.io/helm/
  version: 2.0.0
- name: collabora-code
  repository: https://chrisingenhaag.github.io/helm/
  version: 2.0.0
- name: balloon-mongodb-metrics
  repository: ""
  version: 1.0.0
- name: balloon-jobs
  repository: ""
  version: 1.0.0
- name: balloon-api
  repository: ""
  version: 1.0.1
- name: balloon-web
  repository: ""
  version: 1.0.1
- name: balloon-proxy
  repository: ""
  version: 1.0.1
- name: browserless-chrome
  repository: ""
  version: 1.0.1
digest: sha256:5d94d17426ada102657aeeac87e43bd339d49be3d0c59be387cb3bf890b76697
generated: "2021-03-16T16:14:08.816469+01:00"
