dependencies:
- name: mongodb
  repository: https://charts.bitnami.com/bitnami
  version: 10.10.2
- name: elasticsearch
  repository: https://charts.bitnami.com/bitnami
  version: 14.5.0
- name: clamav
  repository: https://wiremind.github.com/wiremind-helm-charts
  version: 1.1.0
- name: collabora-code
  repository: https://chrisingenhaag.github.io/helm/
  version: 2.0.0
- name: collabora-code
  repository: https://chrisingenhaag.github.io/helm/
  version: 2.0.0
- name: balloon-mongodb-metrics
  repository: ""
  version: 1.0.0
- name: balloon-jobs
  repository: ""
  version: 1.0.1
- name: balloon-api
  repository: ""
  version: 1.0.1
- name: balloon-web
  repository: ""
  version: 1.0.3
- name: balloon-proxy
  repository: ""
  version: 1.0.1
- name: browserless-chrome
  repository: ""
  version: 1.0.2
digest: sha256:aa423092e6627ad8038b0642a9716751e207dcb5caf9258d956f30c5538c4915
generated: "2021-03-16T10:14:04.869631+01:00"
